
Microsoft Visual Studio Solution File, Format Version 12.00
# Visual Studio Version 16
VisualStudioVersion = 16.0.30320.27
MinimumVisualStudioVersion = 10.0.40219.1
Project("{FAE04EC0-301F-11D3-BF4B-00C04F79EFBC}") = "consoleproject", "consoleproject\consoleproject.csproj", "{E6BCD148-FB00-4621-91A9-DDF90DF2DD0C}"
EndProject
Project("{2150E333-8FDC-42A3-9474-1A3956D46DE8}") = "Solution Items", "Solution Items", "{9E962371-7FA6-4515-A13C-AE8CD8D1A68D}"
	ProjectSection(SolutionItems) = preProject
		README.md = README.md
	EndProjectSection
EndProject
Project("{888888A0-9F3D-457C-B088-3A5042F75D52}") = "learnpython", "learnpython\learnpython.pyproj", "{DAA71626-C000-44DA-8ACB-BE06D56A86AC}"
EndProject
Global
	GlobalSection(SolutionConfigurationPlatforms) = preSolution
		Debug|Any CPU = Debug|Any CPU
		Release|Any CPU = Release|Any CPU
	EndGlobalSection
	GlobalSection(ProjectConfigurationPlatforms) = postSolution
		{E6BCD148-FB00-4621-91A9-DDF90DF2DD0C}.Debug|Any CPU.ActiveCfg = Debug|Any CPU
		{E6BCD148-FB00-4621-91A9-DDF90DF2DD0C}.Debug|Any CPU.Build.0 = Debug|Any CPU
		{E6BCD148-FB00-4621-91A9-DDF90DF2DD0C}.Release|Any CPU.ActiveCfg = Release|Any CPU
		{E6BCD148-FB00-4621-91A9-DDF90DF2DD0C}.Release|Any CPU.Build.0 = Release|Any CPU
		{DAA71626-C000-44DA-8ACB-BE06D56A86AC}.Debug|Any CPU.ActiveCfg = Debug|Any CPU
		{DAA71626-C000-44DA-8ACB-BE06D56A86AC}.Release|Any CPU.ActiveCfg = Release|Any CPU
	EndGlobalSection
	GlobalSection(SolutionProperties) = preSolution
		HideSolutionNode = FALSE
	EndGlobalSection
	GlobalSection(ExtensibilityGlobals) = postSolution
		SolutionGuid = {2760BD3A-330E-4941-B09F-40F6CBF6070B}
	EndGlobalSection
EndGlobal
